
Microsoft Visual Studio Solution File, Format Version 12.00
# Visual Studio Version 17
VisualStudioVersion = 17.0.31903.59
MinimumVisualStudioVersion = 10.0.40219.1
Project("{FAE04EC0-301F-11D3-BF4B-00C04F79EFBC}") = "ZooClassLibrary", "ZooClassLibrary\ZooClassLibrary.csproj", "{693DAC21-902A-44E2-BE61-9E9E0B4D9D30}"
EndProject
Project("{FAE04EC0-301F-11D3-BF4B-00C04F79EFBC}") = "ZooUI", "ZooUI\ZooUI.csproj", "{94E63C82-B5E9-4453-8050-6F43A8A625A1}"
EndProject
Global
	GlobalSection(SolutionConfigurationPlatforms) = preSolution
		Debug|Any CPU = Debug|Any CPU
		Release|Any CPU = Release|Any CPU
	EndGlobalSection
	GlobalSection(SolutionProperties) = preSolution
		HideSolutionNode = FALSE
	EndGlobalSection
	GlobalSection(ProjectConfigurationPlatforms) = postSolution
		{693DAC21-902A-44E2-BE61-9E9E0B4D9D30}.Debug|Any CPU.ActiveCfg = Debug|Any CPU
		{693DAC21-902A-44E2-BE61-9E9E0B4D9D30}.Debug|Any CPU.Build.0 = Debug|Any CPU
		{693DAC21-902A-44E2-BE61-9E9E0B4D9D30}.Release|Any CPU.ActiveCfg = Release|Any CPU
		{693DAC21-902A-44E2-BE61-9E9E0B4D9D30}.Release|Any CPU.Build.0 = Release|Any CPU
		{94E63C82-B5E9-4453-8050-6F43A8A625A1}.Debug|Any CPU.ActiveCfg = Debug|Any CPU
		{94E63C82-B5E9-4453-8050-6F43A8A625A1}.Debug|Any CPU.Build.0 = Debug|Any CPU
		{94E63C82-B5E9-4453-8050-6F43A8A625A1}.Release|Any CPU.ActiveCfg = Release|Any CPU
		{94E63C82-B5E9-4453-8050-6F43A8A625A1}.Release|Any CPU.Build.0 = Release|Any CPU
	EndGlobalSection
EndGlobal
